
Microsoft Visual Studio Solution File, Format Version 12.00
# Visual Studio Version 17
VisualStudioVersion = 17.9.34723.18
MinimumVisualStudioVersion = 10.0.40219.1
Project("{FAE04EC0-301F-11D3-BF4B-00C04F79EFBC}") = "DES", "DES.csproj", "{81105605-776A-4313-A9DD-80A625B4FA68}"
EndProject
Global
	GlobalSection(SolutionConfigurationPlatforms) = preSolution
		Debug|Any CPU = Debug|Any CPU
		Release|Any CPU = Release|Any CPU
	EndGlobalSection
	GlobalSection(ProjectConfigurationPlatforms) = postSolution
		{81105605-776A-4313-A9DD-80A625B4FA68}.Debug|Any CPU.ActiveCfg = Debug|Any CPU
		{81105605-776A-4313-A9DD-80A625B4FA68}.Debug|Any CPU.Build.0 = Debug|Any CPU
		{81105605-776A-4313-A9DD-80A625B4FA68}.Release|Any CPU.ActiveCfg = Release|Any CPU
		{81105605-776A-4313-A9DD-80A625B4FA68}.Release|Any CPU.Build.0 = Release|Any CPU
	EndGlobalSection
	GlobalSection(SolutionProperties) = preSolution
		HideSolutionNode = FALSE
	EndGlobalSection
	GlobalSection(ExtensibilityGlobals) = postSolution
		SolutionGuid = {4BE8B342-B281-4A82-B2E8-867A93867693}
	EndGlobalSection
EndGlobal
